
Microsoft Visual Studio Solution File, Format Version 12.00
Project("{FAE04EC0-301F-11D3-BF4B-00C04F79EFBC}") = "Algorithms", "Algorithms\Algorithms.csproj", "{46496AF3-B86B-4A86-A1B0-B85584D58C2C}"
EndProject
Project("{FAE04EC0-301F-11D3-BF4B-00C04F79EFBC}") = "DataStructures", "DataStructures\DataStructures.csproj", "{0D1A76DB-BF05-4720-8F1D-CDCED88DE704}"
EndProject
Global
	GlobalSection(SolutionConfigurationPlatforms) = preSolution
		Debug|Any CPU = Debug|Any CPU
		Release|Any CPU = Release|Any CPU
	EndGlobalSection
	GlobalSection(ProjectConfigurationPlatforms) = postSolution
		{46496AF3-B86B-4A86-A1B0-B85584D58C2C}.Debug|Any CPU.ActiveCfg = Debug|Any CPU
		{46496AF3-B86B-4A86-A1B0-B85584D58C2C}.Debug|Any CPU.Build.0 = Debug|Any CPU
		{46496AF3-B86B-4A86-A1B0-B85584D58C2C}.Release|Any CPU.ActiveCfg = Release|Any CPU
		{46496AF3-B86B-4A86-A1B0-B85584D58C2C}.Release|Any CPU.Build.0 = Release|Any CPU
		{0D1A76DB-BF05-4720-8F1D-CDCED88DE704}.Debug|Any CPU.ActiveCfg = Debug|Any CPU
		{0D1A76DB-BF05-4720-8F1D-CDCED88DE704}.Debug|Any CPU.Build.0 = Debug|Any CPU
		{0D1A76DB-BF05-4720-8F1D-CDCED88DE704}.Release|Any CPU.ActiveCfg = Release|Any CPU
		{0D1A76DB-BF05-4720-8F1D-CDCED88DE704}.Release|Any CPU.Build.0 = Release|Any CPU
	EndGlobalSection
EndGlobal
